
Microsoft Visual Studio Solution File, Format Version 12.00
# Visual Studio Version 16
VisualStudioVersion = 16.0.31829.152
MinimumVisualStudioVersion = 10.0.40219.1
Project("{FAE04EC0-301F-11D3-BF4B-00C04F79EFBC}") = "WebAppTicket", "WebAppTicket\WebAppTicket.csproj", "{9D0B37EE-8EA2-4167-B4A6-67FA11980953}"
EndProject
Global
	GlobalSection(SolutionConfigurationPlatforms) = preSolution
		Debug|Any CPU = Debug|Any CPU
		Release|Any CPU = Release|Any CPU
	EndGlobalSection
	GlobalSection(ProjectConfigurationPlatforms) = postSolution
		{9D0B37EE-8EA2-4167-B4A6-67FA11980953}.Debug|Any CPU.ActiveCfg = Debug|Any CPU
		{9D0B37EE-8EA2-4167-B4A6-67FA11980953}.Debug|Any CPU.Build.0 = Debug|Any CPU
		{9D0B37EE-8EA2-4167-B4A6-67FA11980953}.Release|Any CPU.ActiveCfg = Release|Any CPU
		{9D0B37EE-8EA2-4167-B4A6-67FA11980953}.Release|Any CPU.Build.0 = Release|Any CPU
	EndGlobalSection
	GlobalSection(SolutionProperties) = preSolution
		HideSolutionNode = FALSE
	EndGlobalSection
	GlobalSection(ExtensibilityGlobals) = postSolution
		SolutionGuid = {5D4708D3-4218-45EB-B773-A7CD44275830}
	EndGlobalSection
EndGlobal
